{"1.1.0",
[{<<"getopt">>,{pkg,<<"getopt">>,<<"1.0.1">>},1},
 {<<"gpb">>,{pkg,<<"gpb">>,<<"4.10.4">>},0},
 {<<"providers">>,{pkg,<<"providers">>,<<"1.7.0">>},0}]}.
[
{pkg_hash,[
 {<<"getopt">>, <<"C73A9FA687B217F2FF79F68A3B637711BB1936E712B521D8CE466B29CBF7808A">>},
 {<<"gpb">>, <<"A83BEC05F331E2413E883930A104B1E167B1C1BE6A74244F68DC00911563CF1C">>},
 {<<"providers">>, <<"BBF730563914328EC2511D205E6477A94831DB7297DE313B3872A2B26C562EAB">>}]}
].
